// !$*UTF8*$!
{
	archiveVersion = 1;
	classes = {
	};
	objectVersion = 46;
	objects = {

/* Begin PBXBuildFile section */
		853D1AEF1BF227610025B413 /* AppDelegate.swift in Sources */ = {isa = PBXBuildFile; fileRef = 853D1AEE1BF227610025B413 /* AppDelegate.swift */; };
		853D1AF11BF227610025B413 /* ViewController.swift in Sources */ = {isa = PBXBuildFile; fileRef = 853D1AF01BF227610025B413 /* ViewController.swift */; };
		853D1AF41BF227620025B413 /* Main.storyboard in Resources */ = {isa = PBXBuildFile; fileRef = 853D1AF21BF227620025B413 /* Main.storyboard */; };
		853D1AF61BF227620025B413 /* Assets.xcassets in Resources */ = {isa = PBXBuildFile; fileRef = 853D1AF51BF227620025B413 /* Assets.xcassets */; };
		853D1B011BF227620025B413 /* test_streamingTests.swift in Sources */ = {isa = PBXBuildFile; fileRef = 853D1B001BF227620025B413 /* test_streamingTests.swift */; };
		853D1B0C1BF227620025B413 /* test_streamingUITests.swift in Sources */ = {isa = PBXBuildFile; fileRef = 853D1B0B1BF227620025B413 /* test_streamingUITests.swift */; };
/* End PBXBuildFile section */

/* Begin PBXContainerItemProxy section */
		853D1AFD1BF227620025B413 /* PBXContainerItemProxy */ = {
			isa = PBXContainerItemProxy;
			containerPortal = 853D1AE31BF227610025B413 /* Project object */;
			proxyType = 1;
			remoteGlobalIDString = 853D1AEA1BF227610025B413;
			remoteInfo = "test-streaming";
		};
		853D1B081BF227620025B413 /* PBXContainerItemProxy */ = {
			isa = PBXContainerItemProxy;
			containerPortal = 853D1AE31BF227610025B413 /* Project object */;
			proxyType = 1;
			remoteGlobalIDString = 853D1AEA1BF227610025B413;
			remoteInfo = "test-streaming";
		};
/* End PBXContainerItemProxy section */

/* Begin PBXFileReference section */
		853D1AEB1BF227610025B413 /* test-streaming.app */ = {isa = PBXFileReference; explicitFileType = wrapper.application; includeInIndex = 0; path = "test-streaming.app"; sourceTree = BUILT_PRODUCTS_DIR; };
		853D1AEE1BF227610025B413 /* AppDelegate.swift */ = {isa = PBXFileReference; lastKnownFileType = sourcecode.swift; path = AppDelegate.swift; sourceTree = "<group>"; };
		853D1AF01BF227610025B413 /* ViewController.swift */ = {isa = PBXFileReference; lastKnownFileType = sourcecode.swift; path = ViewController.swift; sourceTree = "<group>"; };
		853D1AF31BF227620025B413 /* Base */ = {isa = PBXFileReference; lastKnownFileType = file.storyboard; name = Base; path = Base.lproj/Main.storyboard; sourceTree = "<group>"; };
		853D1AF51BF227620025B413 /* Assets.xcassets */ = {isa = PBXFileReference; lastKnownFileType = folder.assetcatalog; path = Assets.xcassets; sourceTree = "<group>"; };
		853D1AF71BF227620025B413 /* Info.plist */ = {isa = PBXFileReference; lastKnownFileType = text.plist.xml; path = Info.plist; sourceTree = "<group>"; };
		853D1AFC1BF227620025B413 /* test-streamingTests.xctest */ = {isa = PBXFileReference; explicitFileType = wrapper.cfbundle; includeInIndex = 0; path = "test-streamingTests.xctest"; sourceTree = BUILT_PRODUCTS_DIR; };
		853D1B001BF227620025B413 /* test_streamingTests.swift */ = {isa = PBXFileReference; lastKnownFileType = sourcecode.swift; path = test_streamingTests.swift; sourceTree = "<group>"; };
		853D1B021BF227620025B413 /* Info.plist */ = {isa = PBXFileReference; lastKnownFileType = text.plist.xml; path = Info.plist; sourceTree = "<group>"; };
		853D1B071BF227620025B413 /* test-streamingUITests.xctest */ = {isa = PBXFileReference; explicitFileType = wrapper.cfbundle; includeInIndex = 0; path = "test-streamingUITests.xctest"; sourceTree = BUILT_PRODUCTS_DIR; };
		853D1B0B1BF227620025B413 /* test_streamingUITests.swift */ = {isa = PBXFileReference; lastKnownFileType = sourcecode.swift; path = test_streamingUITests.swift; sourceTree = "<group>"; };
		853D1B0D1BF227620025B413 /* Info.plist */ = {isa = PBXFileReference; lastKnownFileType = text.plist.xml; path = Info.plist; sourceTree = "<group>"; };
/* End PBXFileReference section */

/* Begin PBXFrameworksBuildPhase section */
		853D1AE81BF227610025B413 /* Frameworks */ = {
			isa = PBXFrameworksBuildPhase;
			buildActionMask = 2147483647;
			files = (
			);
			runOnlyForDeploymentPostprocessing = 0;
		};
		853D1AF91BF227620025B413 /* Frameworks */ = {
			isa = PBXFrameworksBuildPhase;
			buildActionMask = 2147483647;
			files = (
			);
			runOnlyForDeploymentPostprocessing = 0;
		};
		853D1B041BF227620025B413 /* Frameworks */ = {
			isa = PBXFrameworksBuildPhase;
			buildActionMask = 2147483647;
			files = (
			);
			runOnlyForDeploymentPostprocessing = 0;
		};
/* End PBXFrameworksBuildPhase section */

/* Begin PBXGroup section */
		853D1AE21BF227610025B413 = {
			isa = PBXGroup;
			children = (
				853D1AED1BF227610025B413 /* test-streaming */,
				853D1AFF1BF227620025B413 /* test-streamingTests */,
				853D1B0A1BF227620025B413 /* test-streamingUITests */,
				853D1AEC1BF227610025B413 /* Products */,
			);
			sourceTree = "<group>";
		};
		853D1AEC1BF227610025B413 /* Products */ = {
			isa = PBXGroup;
			children = (
				853D1AEB1BF227610025B413 /* test-streaming.app */,
				853D1AFC1BF227620025B413 /* test-streamingTests.xctest */,
				853D1B071BF227620025B413 /* test-streamingUITests.xctest */,
			);
			name = Products;
			sourceTree = "<group>";
		};
		853D1AED1BF227610025B413 /* test-streaming */ = {
			isa = PBXGroup;
			children = (
				853D1AEE1BF227610025B413 /* AppDelegate.swift */,
				853D1AF01BF227610025B413 /* ViewController.swift */,
				853D1AF21BF227620025B413 /* Main.storyboard */,
				853D1AF51BF227620025B413 /* Assets.xcassets */,
				853D1AF71BF227620025B413 /* Info.plist */,
			);
			path = "test-streaming";
			sourceTree = "<group>";
		};
		853D1AFF1BF227620025B413 /* test-streamingTests */ = {
			isa = PBXGroup;
			children = (
				853D1B001BF227620025B413 /* test_streamingTests.swift */,
				853D1B021BF227620025B413 /* Info.plist */,
			);
			path = "test-streamingTests";
			sourceTree = "<group>";
		};
		853D1B0A1BF227620025B413 /* test-streamingUITests */ = {
			isa = PBXGroup;
			children = (
				853D1B0B1BF227620025B413 /* test_streamingUITests.swift */,
				853D1B0D1BF227620025B413 /* Info.plist */,
			);
			path = "test-streamingUITests";
			sourceTree = "<group>";
		};
/* End PBXGroup section */

/* Begin PBXNativeTarget section */
		853D1AEA1BF227610025B413 /* test-streaming */ = {
			isa = PBXNativeTarget;
			buildConfigurationList = 853D1B101BF227620025B413 /* Build configuration list for PBXNativeTarget "test-streaming" */;
			buildPhases = (
				853D1AE71BF227610025B413 /* Sources */,
				853D1AE81BF227610025B413 /* Frameworks */,
				853D1AE91BF227610025B413 /* Resources */,
			);
			buildRules = (
			);
			dependencies = (
			);
			name = "test-streaming";
			productName = "test-streaming";
			productReference = 853D1AEB1BF227610025B413 /* test-streaming.app */;
			productType = "com.apple.product-type.application";
		};
		853D1AFB1BF227620025B413 /* test-streamingTests */ = {
			isa = PBXNativeTarget;
			buildConfigurationList = 853D1B131BF227620025B413 /* Build configuration list for PBXNativeTarget "test-streamingTests" */;
			buildPhases = (
				853D1AF81BF227620025B413 /* Sources */,
				853D1AF91BF227620025B413 /* Frameworks */,
				853D1AFA1BF227620025B413 /* Resources */,
			);
			buildRules = (
			);
			dependencies = (
				853D1AFE1BF227620025B413 /* PBXTargetDependency */,
			);
			name = "test-streamingTests";
			productName = "test-streamingTests";
			productReference = 853D1AFC1BF227620025B413 /* test-streamingTests.xctest */;
			productType = "com.apple.product-type.bundle.unit-test";
		};
		853D1B061BF227620025B413 /* test-streamingUITests */ = {
			isa = PBXNativeTarget;
			buildConfigurationList = 853D1B161BF227620025B413 /* Build configuration list for PBXNativeTarget "test-streamingUITests" */;
			buildPhases = (
				853D1B031BF227620025B413 /* Sources */,
				853D1B041BF227620025B413 /* Frameworks */,
				853D1B051BF227620025B413 /* Resources */,
			);
			buildRules = (
			);
			dependencies = (
				853D1B091BF227620025B413 /* PBXTargetDependency */,
			);
			name = "test-streamingUITests";
			productName = "test-streamingUITests";
			productReference = 853D1B071BF227620025B413 /* test-streamingUITests.xctest */;
			productType = "com.apple.product-type.bundle.ui-testing";
		};
/* End PBXNativeTarget section */

/* Begin PBXProject section */
		853D1AE31BF227610025B413 /* Project object */ = {
			isa = PBXProject;
			attributes = {
				LastSwiftUpdateCheck = 0710;
				LastUpgradeCheck = 0710;
				ORGANIZATIONNAME = "横田直也";
				TargetAttributes = {
					853D1AEA1BF227610025B413 = {
						CreatedOnToolsVersion = 7.1.1;
					};
					853D1AFB1BF227620025B413 = {
						CreatedOnToolsVersion = 7.1.1;
						TestTargetID = 853D1AEA1BF227610025B413;
					};
					853D1B061BF227620025B413 = {
						CreatedOnToolsVersion = 7.1.1;
						TestTargetID = 853D1AEA1BF227610025B413;
					};
				};
			};
			buildConfigurationList = 853D1AE61BF227610025B413 /* Build configuration list for PBXProject "test-streaming" */;
			compatibilityVersion = "Xcode 3.2";
			developmentRegion = English;
			hasScannedForEncodings = 0;
			knownRegions = (
				en,
				Base,
			);
			mainGroup = 853D1AE21BF227610025B413;
			productRefGroup = 853D1AEC1BF227610025B413 /* Products */;
			projectDirPath = "";
			projectRoot = "";
			targets = (
				853D1AEA1BF227610025B413 /* test-streaming */,
				853D1AFB1BF227620025B413 /* test-streamingTests */,
				853D1B061BF227620025B413 /* test-streamingUITests */,
			);
		};
/* End PBXProject section */

/* Begin PBXResourcesBuildPhase section */
		853D1AE91BF227610025B413 /* Resources */ = {
			isa = PBXResourcesBuildPhase;
			buildActionMask = 2147483647;
			files = (
				853D1AF61BF227620025B413 /* Assets.xcassets in Resources */,
				853D1AF41BF227620025B413 /* Main.storyboard in Resources */,
			);
			runOnlyForDeploymentPostprocessing = 0;
		};
		853D1AFA1BF227620025B413 /* Resources */ = {
			isa = PBXResourcesBuildPhase;
			buildActionMask = 2147483647;
			files = (
			);
			runOnlyForDeploymentPostprocessing = 0;
		};
		853D1B051BF227620025B413 /* Resources */ = {
			isa = PBXResourcesBuildPhase;
			buildActionMask = 2147483647;
			files = (
			);
			runOnlyForDeploymentPostprocessing = 0;
		};
/* End PBXResourcesBuildPhase section */

/* Begin PBXSourcesBuildPhase section */
		853D1AE71BF227610025B413 /* Sources */ = {
			isa = PBXSourcesBuildPhase;
			buildActionMask = 2147483647;
			files = (
				853D1AF11BF227610025B413 /* ViewController.swift in Sources */,
				853D1AEF1BF227610025B413 /* AppDelegate.swift in Sources */,
			);
			runOnlyForDeploymentPostprocessing = 0;
		};
		853D1AF81BF227620025B413 /* Sources */ = {
			isa = PBXSourcesBuildPhase;
			buildActionMask = 2147483647;
			files = (
				853D1B011BF227620025B413 /* test_streamingTests.swift in Sources */,
			);
			runOnlyForDeploymentPostprocessing = 0;
		};
		853D1B031BF227620025B413 /* Sources */ = {
			isa = PBXSourcesBuildPhase;
			buildActionMask = 2147483647;
			files = (
				853D1B0C1BF227620025B413 /* test_streamingUITests.swift in Sources */,
			);
			runOnlyForDeploymentPostprocessing = 0;
		};
/* End PBXSourcesBuildPhase section */

/* Begin PBXTargetDependency section */
		853D1AFE1BF227620025B413 /* PBXTargetDependency */ = {
			isa = PBXTargetDependency;
			target = 853D1AEA1BF227610025B413 /* test-streaming */;
			targetProxy = 853D1AFD1BF227620025B413 /* PBXContainerItemProxy */;
		};
		853D1B091BF227620025B413 /* PBXTargetDependency */ = {
			isa = PBXTargetDependency;
			target = 853D1AEA1BF227610025B413 /* test-streaming */;
			targetProxy = 853D1B081BF227620025B413 /* PBXContainerItemProxy */;
		};
/* End PBXTargetDependency section */

/* Begin PBXVariantGroup section */
		853D1AF21BF227620025B413 /* Main.storyboard */ = {
			isa = PBXVariantGroup;
			children = (
				853D1AF31BF227620025B413 /* Base */,
			);
			name = Main.storyboard;
			sourceTree = "<group>";
		};
/* End PBXVariantGroup section */

/* Begin XCBuildConfiguration section */
		853D1B0E1BF227620025B413 /* Debug */ = {
			isa = XCBuildConfiguration;
			buildSettings = {
				ALWAYS_SEARCH_USER_PATHS = NO;
				CLANG_CXX_LANGUAGE_STANDARD = "gnu++0x";
				CLANG_CXX_LIBRARY = "libc++";
				CLANG_ENABLE_MODULES = YES;
				CLANG_ENABLE_OBJC_ARC = YES;
				CLANG_WARN_BOOL_CONVERSION = YES;
				CLANG_WARN_CONSTANT_CONVERSION = YES;
				CLANG_WARN_DIRECT_OBJC_ISA_USAGE = YES_ERROR;
				CLANG_WARN_EMPTY_BODY = YES;
				CLANG_WARN_ENUM_CONVERSION = YES;
				CLANG_WARN_INT_CONVERSION = YES;
				CLANG_WARN_OBJC_ROOT_CLASS = YES_ERROR;
				CLANG_WARN_UNREACHABLE_CODE = YES;
				CLANG_WARN__DUPLICATE_METHOD_MATCH = YES;
				COPY_PHASE_STRIP = NO;
				DEBUG_INFORMATION_FORMAT = dwarf;
				ENABLE_STRICT_OBJC_MSGSEND = YES;
				ENABLE_TESTABILITY = YES;
				GCC_C_LANGUAGE_STANDARD = gnu99;
				GCC_DYNAMIC_NO_PIC = NO;
				GCC_NO_COMMON_BLOCKS = YES;
				GCC_OPTIMIZATION_LEVEL = 0;
				GCC_PREPROCESSOR_DEFINITIONS = (
					"DEBUG=1",
					"$(inherited)",
				);
				GCC_WARN_64_TO_32_BIT_CONVERSION = YES;
				GCC_WARN_ABOUT_RETURN_TYPE = YES_ERROR;
				GCC_WARN_UNDECLARED_SELECTOR = YES;
				GCC_WARN_UNINITIALIZED_AUTOS = YES_AGGRESSIVE;
				GCC_WARN_UNUSED_FUNCTION = YES;
				GCC_WARN_UNUSED_VARIABLE = YES;
				MTL_ENABLE_DEBUG_INFO = YES;
				ONLY_ACTIVE_ARCH = YES;
				SDKROOT = appletvos;
				SWIFT_OPTIMIZATION_LEVEL = "-Onone";
				TARGETED_DEVICE_FAMILY = 3;
				TVOS_DEPLOYMENT_TARGET = 9.0;
			};
			name = Debug;
		};
		853D1B0F1BF227620025B413 /* Release */ = {
			isa = XCBuildConfiguration;
			buildSettings = {
				ALWAYS_SEARCH_USER_PATHS = NO;
				CLANG_CXX_LANGUAGE_STANDARD = "gnu++0x";
				CLANG_CXX_LIBRARY = "libc++";
				CLANG_ENABLE_MODULES = YES;
				CLANG_ENABLE_OBJC_ARC = YES;
				CLANG_WARN_BOOL_CONVERSION = YES;
				CLANG_WARN_CONSTANT_CONVERSION = YES;
				CLANG_WARN_DIRECT_OBJC_ISA_USAGE = YES_ERROR;
				CLANG_WARN_EMPTY_BODY = YES;
				CLANG_WARN_ENUM_CONVERSION = YES;
				CLANG_WARN_INT_CONVERSION = YES;
				CLANG_WARN_OBJC_ROOT_CLASS = YES_ERROR;
				CLANG_WARN_UNREACHABLE_CODE = YES;
				CLANG_WARN__DUPLICATE_METHOD_MATCH = YES;
				COPY_PHASE_STRIP = NO;
				DEBUG_INFORMATION_FORMAT = "dwarf-with-dsym";
				ENABLE_NS_ASSERTIONS = NO;
				ENABLE_STRICT_OBJC_MSGSEND = YES;
				GCC_C_LANGUAGE_STANDARD = gnu99;
				GCC_NO_COMMON_BLOCKS = YES;
				GCC_WARN_64_TO_32_BIT_CONVERSION = YES;
				GCC_WARN_ABOUT_RETURN_TYPE = YES_ERROR;
				GCC_WARN_UNDECLARED_SELECTOR = YES;
				GCC_WARN_UNINITIALIZED_AUTOS = YES_AGGRESSIVE;
				GCC_WARN_UNUSED_FUNCTION = YES;
				GCC_WARN_UNUSED_VARIABLE = YES;
				MTL_ENABLE_DEBUG_INFO = NO;
				SDKROOT = appletvos;
				TARGETED_DEVICE_FAMILY = 3;
				TVOS_DEPLOYMENT_TARGET = 9.0;
				VALIDATE_PRODUCT = YES;
			};
			name = Release;
		};
		853D1B111BF227620025B413 /* Debug */ = {
			isa = XCBuildConfiguration;
			buildSettings = {
				ASSETCATALOG_COMPILER_APPICON_NAME = "App Icon & Top Shelf Image";
				ASSETCATALOG_COMPILER_LAUNCHIMAGE_NAME = LaunchImage;
				INFOPLIST_FILE = "test-streaming/Info.plist";
				LD_RUNPATH_SEARCH_PATHS = "$(inherited) @executable_path/Frameworks";
				PRODUCT_BUNDLE_IDENTIFIER = "jp.nyoko708.test-streaming";
				PRODUCT_NAME = "$(TARGET_NAME)";
			};
			name = Debug;
		};
		853D1B121BF227620025B413 /* Release */ = {
			isa = XCBuildConfiguration;
			buildSettings = {
				ASSETCATALOG_COMPILER_APPICON_NAME = "App Icon & Top Shelf Image";
				ASSETCATALOG_COMPILER_LAUNCHIMAGE_NAME = LaunchImage;
				INFOPLIST_FILE = "test-streaming/Info.plist";
				LD_RUNPATH_SEARCH_PATHS = "$(inherited) @executable_path/Frameworks";
				PRODUCT_BUNDLE_IDENTIFIER = "jp.nyoko708.test-streaming";
				PRODUCT_NAME = "$(TARGET_NAME)";
			};
			name = Release;
		};
		853D1B141BF227620025B413 /* Debug */ = {
			isa = XCBuildConfiguration;
			buildSettings = {
				BUNDLE_LOADER = "$(TEST_HOST)";
				INFOPLIST_FILE = "test-streamingTests/Info.plist";
				LD_RUNPATH_SEARCH_PATHS = "$(inherited) @executable_path/Frameworks @loader_path/Frameworks";
				PRODUCT_BUNDLE_IDENTIFIER = "jp.nyoko708.test-streamingTests";
				PRODUCT_NAME = "$(TARGET_NAME)";
				TEST_HOST = "$(BUILT_PRODUCTS_DIR)/test-streaming.app/test-streaming";
			};
			name = Debug;
		};
		853D1B151BF227620025B413 /* Release */ = {
			isa = XCBuildConfiguration;
			buildSettings = {
				BUNDLE_LOADER = "$(TEST_HOST)";
				INFOPLIST_FILE = "test-streamingTests/Info.plist";
				LD_RUNPATH_SEARCH_PATHS = "$(inherited) @executable_path/Frameworks @loader_path/Frameworks";
				PRODUCT_BUNDLE_IDENTIFIER = "jp.nyoko708.test-streamingTests";
				PRODUCT_NAME = "$(TARGET_NAME)";
				TEST_HOST = "$(BUILT_PRODUCTS_DIR)/test-streaming.app/test-streaming";
			};
			name = Release;
		};
		853D1B171BF227620025B413 /* Debug */ = {
			isa = XCBuildConfiguration;
			buildSettings = {
				INFOPLIST_FILE = "test-streamingUITests/Info.plist";
				LD_RUNPATH_SEARCH_PATHS = "$(inherited) @executable_path/Frameworks @loader_path/Frameworks";
				PRODUCT_BUNDLE_IDENTIFIER = "jp.nyoko708.test-streamingUITests";
				PRODUCT_NAME = "$(TARGET_NAME)";
				TEST_TARGET_NAME = "test-streaming";
				USES_XCTRUNNER = YES;
			};
			name = Debug;
		};
		853D1B181BF227620025B413 /* Release */ = {
			isa = XCBuildConfiguration;
			buildSettings = {
				INFOPLIST_FILE = "test-streamingUITests/Info.plist";
				LD_RUNPATH_SEARCH_PATHS = "$(inherited) @executable_path/Frameworks @loader_path/Frameworks";
				PRODUCT_BUNDLE_IDENTIFIER = "jp.nyoko708.test-streamingUITests";
				PRODUCT_NAME = "$(TARGET_NAME)";
				TEST_TARGET_NAME = "test-streaming";
				USES_XCTRUNNER = YES;
			};
			name = Release;
		};
/* End XCBuildConfiguration section */

/* Begin XCConfigurationList section */
		853D1AE61BF227610025B413 /* Build configuration list for PBXProject "test-streaming" */ = {
			isa = XCConfigurationList;
			buildConfigurations = (
				853D1B0E1BF227620025B413 /* Debug */,
				853D1B0F1BF227620025B413 /* Release */,
			);
			defaultConfigurationIsVisible = 0;
			defaultConfigurationName = Release;
		};
		853D1B101BF227620025B413 /* Build configuration list for PBXNativeTarget "test-streaming" */ = {
			isa = XCConfigurationList;
			buildConfigurations = (
				853D1B111BF227620025B413 /* Debug */,
				853D1B121BF227620025B413 /* Release */,
			);
			defaultConfigurationIsVisible = 0;
		};
		853D1B131BF227620025B413 /* Build configuration list for PBXNativeTarget "test-streamingTests" */ = {
			isa = XCConfigurationList;
			buildConfigurations = (
				853D1B141BF227620025B413 /* Debug */,
				853D1B151BF227620025B413 /* Release */,
			);
			defaultConfigurationIsVisible = 0;
		};
		853D1B161BF227620025B413 /* Build configuration list for PBXNativeTarget "test-streamingUITests" */ = {
			isa = XCConfigurationList;
			buildConfigurations = (
				853D1B171BF227620025B413 /* Debug */,
				853D1B181BF227620025B413 /* Release */,
			);
			defaultConfigurationIsVisible = 0;
		};
/* End XCConfigurationList section */
	};
	rootObject = 853D1AE31BF227610025B413 /* Project object */;
}
